
Microsoft Visual Studio Solution File, Format Version 12.00
# Visual Studio Version 17
VisualStudioVersion = 17.3.32929.385
MinimumVisualStudioVersion = 10.0.40219.1
Project("{9A19103F-16F7-4668-BE54-9A1E7A4F7556}") = "ZombieDice", "ZombieDice.csproj", "{E77C181D-88B6-448C-B649-4E458A2F250F}"
EndProject
Project("{9A19103F-16F7-4668-BE54-9A1E7A4F7556}") = "Test", "..\Test\Test.csproj", "{E5C27897-DAA9-4012-9920-66C4CEDAC52F}"
EndProject
Project("{9A19103F-16F7-4668-BE54-9A1E7A4F7556}") = "DieSDK", "..\DieSDK\DieSDK.csproj", "{036D912D-AFC5-4531-BB1F-7076AB234263}"
EndProject
Global
	GlobalSection(SolutionConfigurationPlatforms) = preSolution
		Debug|Any CPU = Debug|Any CPU
		Release|Any CPU = Release|Any CPU
	EndGlobalSection
	GlobalSection(ProjectConfigurationPlatforms) = postSolution
		{E77C181D-88B6-448C-B649-4E458A2F250F}.Debug|Any CPU.ActiveCfg = Debug|Any CPU
		{E77C181D-88B6-448C-B649-4E458A2F250F}.Debug|Any CPU.Build.0 = Debug|Any CPU
		{E77C181D-88B6-448C-B649-4E458A2F250F}.Release|Any CPU.ActiveCfg = Release|Any CPU
		{E77C181D-88B6-448C-B649-4E458A2F250F}.Release|Any CPU.Build.0 = Release|Any CPU
		{E5C27897-DAA9-4012-9920-66C4CEDAC52F}.Debug|Any CPU.ActiveCfg = Debug|Any CPU
		{E5C27897-DAA9-4012-9920-66C4CEDAC52F}.Debug|Any CPU.Build.0 = Debug|Any CPU
		{E5C27897-DAA9-4012-9920-66C4CEDAC52F}.Release|Any CPU.ActiveCfg = Release|Any CPU
		{E5C27897-DAA9-4012-9920-66C4CEDAC52F}.Release|Any CPU.Build.0 = Release|Any CPU
		{036D912D-AFC5-4531-BB1F-7076AB234263}.Debug|Any CPU.ActiveCfg = Debug|Any CPU
		{036D912D-AFC5-4531-BB1F-7076AB234263}.Debug|Any CPU.Build.0 = Debug|Any CPU
		{036D912D-AFC5-4531-BB1F-7076AB234263}.Release|Any CPU.ActiveCfg = Release|Any CPU
		{036D912D-AFC5-4531-BB1F-7076AB234263}.Release|Any CPU.Build.0 = Release|Any CPU
	EndGlobalSection
	GlobalSection(SolutionProperties) = preSolution
		HideSolutionNode = FALSE
	EndGlobalSection
	GlobalSection(ExtensibilityGlobals) = postSolution
		SolutionGuid = {5D6BE3FA-39AF-4353-AA24-FC95993E3016}
	EndGlobalSection
EndGlobal
